
Microsoft Visual Studio Solution File, Format Version 12.00
# Visual Studio Version 17
VisualStudioVersion = 17.7.34202.233
MinimumVisualStudioVersion = 10.0.40219.1
Project("{2150E333-8FDC-42A3-9474-1A3956D46DE8}") = "src", "src", "{4AC6A60C-B005-4208-BC61-11EF8F41BDDA}"
EndProject
Project("{2150E333-8FDC-42A3-9474-1A3956D46DE8}") = "tests", "tests", "{09FFD466-EA24-4759-B68C-D8EC3463C635}"
EndProject
Project("{2150E333-8FDC-42A3-9474-1A3956D46DE8}") = "API", "API", "{8AF63D6B-BDF1-4F3E-B67B-493FE115EF9D}"
EndProject
Project("{2150E333-8FDC-42A3-9474-1A3956D46DE8}") = "Core", "Core", "{731F8D10-15F1-4A27-8ACD-77340D6EFA20}"
EndProject
Project("{2150E333-8FDC-42A3-9474-1A3956D46DE8}") = "Infrastructure", "Infrastructure", "{1220F602-341A-480E-ABD2-FB92F935B9F9}"
EndProject
Project("{2150E333-8FDC-42A3-9474-1A3956D46DE8}") = "UI", "UI", "{3B7567B4-D381-405B-8EF1-9FC6EB50866A}"
EndProject
Project("{9A19103F-16F7-4668-BE54-9A1E7A4F7556}") = "CustomersManagement.Api", "src\API\CustomersManagement.Api\CustomersManagement.Api.csproj", "{A3F841D3-CA85-4B79-BC70-5A9548CF5C4A}"
EndProject
Project("{9A19103F-16F7-4668-BE54-9A1E7A4F7556}") = "CustomersManagement.Application", "src\Core\CustomersManagement.Application\CustomersManagement.Application.csproj", "{C4045E19-A25E-4038-B859-86B0717FDA14}"
EndProject
Project("{9A19103F-16F7-4668-BE54-9A1E7A4F7556}") = "CustomersManagement.Domain", "src\Core\CustomersManagement.Domain\CustomersManagement.Domain.csproj", "{AD5706CD-D7B6-480E-92E2-FEC916FC4E1A}"
EndProject
Project("{9A19103F-16F7-4668-BE54-9A1E7A4F7556}") = "CustomersManagement.Infrastructure", "src\Infrastructure\CustomersManagement.Infrastructure\CustomersManagement.Infrastructure.csproj", "{037B5517-DC0B-4DB5-B0C8-55182A0E44D1}"
EndProject
Project("{9A19103F-16F7-4668-BE54-9A1E7A4F7556}") = "CustomersManagement.Persistence", "src\Infrastructure\CustomersManagement.Persistence\CustomersManagement.Persistence.csproj", "{322968CD-56DB-4E33-A782-5D3B1F38CB6A}"
EndProject
Project("{9A19103F-16F7-4668-BE54-9A1E7A4F7556}") = "CustomersManagement.UI", "src\UI\CustomersManagement.UI\CustomersManagement.UI.csproj", "{53839A39-C4C2-494D-9A34-89E67CA4EC90}"
EndProject
Project("{9A19103F-16F7-4668-BE54-9A1E7A4F7556}") = "CustomersManagement.Identity", "src\Infrastructure\CustomersManagement.Identity\CustomersManagement.Identity.csproj", "{66323328-3192-48D2-B876-A47912AEEB09}"
EndProject
Project("{9A19103F-16F7-4668-BE54-9A1E7A4F7556}") = "CustomersManagement.Application.UnitTests", "tests\CustomersManagement.Application.UnitTests\CustomersManagement.Application.UnitTests.csproj", "{5F2AAF19-EAF4-417E-8C6B-82C380858209}"
EndProject
Global
	GlobalSection(SolutionConfigurationPlatforms) = preSolution
		Debug|Any CPU = Debug|Any CPU
		Release|Any CPU = Release|Any CPU
	EndGlobalSection
	GlobalSection(ProjectConfigurationPlatforms) = postSolution
		{A3F841D3-CA85-4B79-BC70-5A9548CF5C4A}.Debug|Any CPU.ActiveCfg = Debug|Any CPU
		{A3F841D3-CA85-4B79-BC70-5A9548CF5C4A}.Debug|Any CPU.Build.0 = Debug|Any CPU
		{A3F841D3-CA85-4B79-BC70-5A9548CF5C4A}.Release|Any CPU.ActiveCfg = Release|Any CPU
		{A3F841D3-CA85-4B79-BC70-5A9548CF5C4A}.Release|Any CPU.Build.0 = Release|Any CPU
		{C4045E19-A25E-4038-B859-86B0717FDA14}.Debug|Any CPU.ActiveCfg = Debug|Any CPU
		{C4045E19-A25E-4038-B859-86B0717FDA14}.Debug|Any CPU.Build.0 = Debug|Any CPU
		{C4045E19-A25E-4038-B859-86B0717FDA14}.Release|Any CPU.ActiveCfg = Release|Any CPU
		{C4045E19-A25E-4038-B859-86B0717FDA14}.Release|Any CPU.Build.0 = Release|Any CPU
		{AD5706CD-D7B6-480E-92E2-FEC916FC4E1A}.Debug|Any CPU.ActiveCfg = Debug|Any CPU
		{AD5706CD-D7B6-480E-92E2-FEC916FC4E1A}.Debug|Any CPU.Build.0 = Debug|Any CPU
		{AD5706CD-D7B6-480E-92E2-FEC916FC4E1A}.Release|Any CPU.ActiveCfg = Release|Any CPU
		{AD5706CD-D7B6-480E-92E2-FEC916FC4E1A}.Release|Any CPU.Build.0 = Release|Any CPU
		{037B5517-DC0B-4DB5-B0C8-55182A0E44D1}.Debug|Any CPU.ActiveCfg = Debug|Any CPU
		{037B5517-DC0B-4DB5-B0C8-55182A0E44D1}.Debug|Any CPU.Build.0 = Debug|Any CPU
		{037B5517-DC0B-4DB5-B0C8-55182A0E44D1}.Release|Any CPU.ActiveCfg = Release|Any CPU
		{037B5517-DC0B-4DB5-B0C8-55182A0E44D1}.Release|Any CPU.Build.0 = Release|Any CPU
		{322968CD-56DB-4E33-A782-5D3B1F38CB6A}.Debug|Any CPU.ActiveCfg = Debug|Any CPU
		{322968CD-56DB-4E33-A782-5D3B1F38CB6A}.Debug|Any CPU.Build.0 = Debug|Any CPU
		{322968CD-56DB-4E33-A782-5D3B1F38CB6A}.Release|Any CPU.ActiveCfg = Release|Any CPU
		{322968CD-56DB-4E33-A782-5D3B1F38CB6A}.Release|Any CPU.Build.0 = Release|Any CPU
		{53839A39-C4C2-494D-9A34-89E67CA4EC90}.Debug|Any CPU.ActiveCfg = Debug|Any CPU
		{53839A39-C4C2-494D-9A34-89E67CA4EC90}.Debug|Any CPU.Build.0 = Debug|Any CPU
		{53839A39-C4C2-494D-9A34-89E67CA4EC90}.Release|Any CPU.ActiveCfg = Release|Any CPU
		{53839A39-C4C2-494D-9A34-89E67CA4EC90}.Release|Any CPU.Build.0 = Release|Any CPU
		{66323328-3192-48D2-B876-A47912AEEB09}.Debug|Any CPU.ActiveCfg = Debug|Any CPU
		{66323328-3192-48D2-B876-A47912AEEB09}.Debug|Any CPU.Build.0 = Debug|Any CPU
		{66323328-3192-48D2-B876-A47912AEEB09}.Release|Any CPU.ActiveCfg = Release|Any CPU
		{66323328-3192-48D2-B876-A47912AEEB09}.Release|Any CPU.Build.0 = Release|Any CPU
		{5F2AAF19-EAF4-417E-8C6B-82C380858209}.Debug|Any CPU.ActiveCfg = Debug|Any CPU
		{5F2AAF19-EAF4-417E-8C6B-82C380858209}.Debug|Any CPU.Build.0 = Debug|Any CPU
		{5F2AAF19-EAF4-417E-8C6B-82C380858209}.Release|Any CPU.ActiveCfg = Release|Any CPU
		{5F2AAF19-EAF4-417E-8C6B-82C380858209}.Release|Any CPU.Build.0 = Release|Any CPU
	EndGlobalSection
	GlobalSection(SolutionProperties) = preSolution
		HideSolutionNode = FALSE
	EndGlobalSection
	GlobalSection(NestedProjects) = preSolution
		{8AF63D6B-BDF1-4F3E-B67B-493FE115EF9D} = {4AC6A60C-B005-4208-BC61-11EF8F41BDDA}
		{731F8D10-15F1-4A27-8ACD-77340D6EFA20} = {4AC6A60C-B005-4208-BC61-11EF8F41BDDA}
		{1220F602-341A-480E-ABD2-FB92F935B9F9} = {4AC6A60C-B005-4208-BC61-11EF8F41BDDA}
		{3B7567B4-D381-405B-8EF1-9FC6EB50866A} = {4AC6A60C-B005-4208-BC61-11EF8F41BDDA}
		{A3F841D3-CA85-4B79-BC70-5A9548CF5C4A} = {8AF63D6B-BDF1-4F3E-B67B-493FE115EF9D}
		{C4045E19-A25E-4038-B859-86B0717FDA14} = {731F8D10-15F1-4A27-8ACD-77340D6EFA20}
		{AD5706CD-D7B6-480E-92E2-FEC916FC4E1A} = {731F8D10-15F1-4A27-8ACD-77340D6EFA20}
		{037B5517-DC0B-4DB5-B0C8-55182A0E44D1} = {1220F602-341A-480E-ABD2-FB92F935B9F9}
		{322968CD-56DB-4E33-A782-5D3B1F38CB6A} = {1220F602-341A-480E-ABD2-FB92F935B9F9}
		{53839A39-C4C2-494D-9A34-89E67CA4EC90} = {3B7567B4-D381-405B-8EF1-9FC6EB50866A}
		{66323328-3192-48D2-B876-A47912AEEB09} = {1220F602-341A-480E-ABD2-FB92F935B9F9}
		{5F2AAF19-EAF4-417E-8C6B-82C380858209} = {09FFD466-EA24-4759-B68C-D8EC3463C635}
	EndGlobalSection
	GlobalSection(ExtensibilityGlobals) = postSolution
		SolutionGuid = {55C80F48-B704-4733-B17A-09DB7A20050B}
	EndGlobalSection
EndGlobal
